
Microsoft Visual Studio Solution File, Format Version 12.00
# Visual Studio Version 17
VisualStudioVersion = 17.14.36301.6
MinimumVisualStudioVersion = 10.0.40219.1
Project("{FAE04EC0-301F-11D3-BF4B-00C04F79EFBC}") = "GbyMail", "GbyMail.csproj", "{6621E98B-30DE-F4F1-9D5E-8ECA08A0ADDE}"
EndProject
Project("{54435603-DBB4-11D2-8724-00A0C9A8B90C}") = "GbyMailInstaller", "..\GbyMailInstaller\GbyMailInstaller.vdproj", "{8ABD9376-8EB3-C917-DF0D-287EBF9F17D5}"
EndProject
Global
	GlobalSection(SolutionConfigurationPlatforms) = preSolution
		Debug|Any CPU = Debug|Any CPU
		Release|Any CPU = Release|Any CPU
	EndGlobalSection
	GlobalSection(ProjectConfigurationPlatforms) = postSolution
		{6621E98B-30DE-F4F1-9D5E-8ECA08A0ADDE}.Debug|Any CPU.ActiveCfg = Debug|Any CPU
		{6621E98B-30DE-F4F1-9D5E-8ECA08A0ADDE}.Debug|Any CPU.Build.0 = Debug|Any CPU
		{6621E98B-30DE-F4F1-9D5E-8ECA08A0ADDE}.Release|Any CPU.ActiveCfg = Release|Any CPU
		{6621E98B-30DE-F4F1-9D5E-8ECA08A0ADDE}.Release|Any CPU.Build.0 = Release|Any CPU
		{8ABD9376-8EB3-C917-DF0D-287EBF9F17D5}.Debug|Any CPU.ActiveCfg = Debug
		{8ABD9376-8EB3-C917-DF0D-287EBF9F17D5}.Release|Any CPU.ActiveCfg = Release
	EndGlobalSection
	GlobalSection(SolutionProperties) = preSolution
		HideSolutionNode = FALSE
	EndGlobalSection
	GlobalSection(ExtensibilityGlobals) = postSolution
		SolutionGuid = {8A553836-02FE-4721-9733-8B3FA0AF1FB9}
	EndGlobalSection
EndGlobal
